
Microsoft Visual Studio Solution File, Format Version 12.00
# Visual Studio 14
VisualStudioVersion = 14.0.25420.1
MinimumVisualStudioVersion = 10.0.40219.1
Project("{FAE04EC0-301F-11D3-BF4B-00C04F79EFBC}") = "Yahtzee", "YahtzeeMain\Yahtzee.csproj", "{3D5C6F5E-D8D1-4A1C-BF7E-AA89E3F442EB}"
EndProject
Global
	GlobalSection(SolutionConfigurationPlatforms) = preSolution
		Debug On|x86 = Debug On|x86
		Debug|x86 = Debug|x86
		Release|x86 = Release|x86
	EndGlobalSection
	GlobalSection(ProjectConfigurationPlatforms) = postSolution
		{3D5C6F5E-D8D1-4A1C-BF7E-AA89E3F442EB}.Debug On|x86.ActiveCfg = Debug On|x86
		{3D5C6F5E-D8D1-4A1C-BF7E-AA89E3F442EB}.Debug On|x86.Build.0 = Debug On|x86
		{3D5C6F5E-D8D1-4A1C-BF7E-AA89E3F442EB}.Debug|x86.ActiveCfg = Debug On|x86
		{3D5C6F5E-D8D1-4A1C-BF7E-AA89E3F442EB}.Debug|x86.Build.0 = Debug On|x86
		{3D5C6F5E-D8D1-4A1C-BF7E-AA89E3F442EB}.Debug|x86.Deploy.0 = Debug On|x86
		{3D5C6F5E-D8D1-4A1C-BF7E-AA89E3F442EB}.Release|x86.ActiveCfg = Release|x86
		{3D5C6F5E-D8D1-4A1C-BF7E-AA89E3F442EB}.Release|x86.Build.0 = Release|x86
	EndGlobalSection
	GlobalSection(SolutionProperties) = preSolution
		HideSolutionNode = FALSE
	EndGlobalSection
EndGlobal
